// !$*UTF8*$!
{
	archiveVersion = 1;
	classes = {
	};
	objectVersion = 50;
	objects = {

/* Begin PBXBuildFile section */
		84CED90059798066CF00A45D /* Pods_BoxOffice.framework in Frameworks */ = {isa = PBXBuildFile; fileRef = 4638C9192ADAE68583D69B70 /* Pods_BoxOffice.framework */; };
		9D02ECD229F3739000356DE2 /* Provider.swift in Sources */ = {isa = PBXBuildFile; fileRef = 9D02ECD129F3739000356DE2 /* Provider.swift */; };
		9D02ECD429F3CBE400356DE2 /* MovieRequest.swift in Sources */ = {isa = PBXBuildFile; fileRef = 9D02ECD329F3CBE400356DE2 /* MovieRequest.swift */; };
		9D03043D250CB5680095E4F2 /* DetailPosterCell.swift in Sources */ = {isa = PBXBuildFile; fileRef = 9D03043C250CB5680095E4F2 /* DetailPosterCell.swift */; };
		9D03043F250CB58C0095E4F2 /* DetailContentsCell.swift in Sources */ = {isa = PBXBuildFile; fileRef = 9D03043E250CB58C0095E4F2 /* DetailContentsCell.swift */; };
		9D030441250CB5B70095E4F2 /* DetailCommentCell.swift in Sources */ = {isa = PBXBuildFile; fileRef = 9D030440250CB5B70095E4F2 /* DetailCommentCell.swift */; };
		9D030443250CBDEF0095E4F2 /* CommentListResponse.swift in Sources */ = {isa = PBXBuildFile; fileRef = 9D030442250CBDEF0095E4F2 /* CommentListResponse.swift */; };
		9D05138D24F7DE3000E2ABA0 /* MovieListResponse.swift in Sources */ = {isa = PBXBuildFile; fileRef = 9D05138C24F7DE3000E2ABA0 /* MovieListResponse.swift */; };
		9D0C348E29F1D79C00BFF493 /* NetworkError.swift in Sources */ = {isa = PBXBuildFile; fileRef = 9D0C348D29F1D79C00BFF493 /* NetworkError.swift */; };
		9D0C349029F1D7AD00BFF493 /* Requestable.swift in Sources */ = {isa = PBXBuildFile; fileRef = 9D0C348F29F1D7AD00BFF493 /* Requestable.swift */; };
		9D0C349229F1D7B900BFF493 /* Responsable.swift in Sources */ = {isa = PBXBuildFile; fileRef = 9D0C349129F1D7B900BFF493 /* Responsable.swift */; };
		9D0C349429F1D7C100BFF493 /* Endpoint.swift in Sources */ = {isa = PBXBuildFile; fileRef = 9D0C349329F1D7C100BFF493 /* Endpoint.swift */; };
		9D0C349629F1D7D200BFF493 /* URLSessionable.swift in Sources */ = {isa = PBXBuildFile; fileRef = 9D0C349529F1D7D200BFF493 /* URLSessionable.swift */; };
		9D0C349829F1DE6500BFF493 /* Encodable+Extension.swift in Sources */ = {isa = PBXBuildFile; fileRef = 9D0C349729F1DE6500BFF493 /* Encodable+Extension.swift */; };
		9D0C349A29F1E95700BFF493 /* ProviderLogic.swift in Sources */ = {isa = PBXBuildFile; fileRef = 9D0C349929F1E95700BFF493 /* ProviderLogic.swift */; };
		9D0C349C29F1EDD700BFF493 /* APIEndpoints.swift in Sources */ = {isa = PBXBuildFile; fileRef = 9D0C349B29F1EDD700BFF493 /* APIEndpoints.swift */; };
		9D0DCF7729CC809C006A2F6B /* DetailMakeCommentCell.swift in Sources */ = {isa = PBXBuildFile; fileRef = 9D0DCF7629CC809C006A2F6B /* DetailMakeCommentCell.swift */; };
		9D0E2576250DF592003C31D2 /* MovieFullImageViewController.swift in Sources */ = {isa = PBXBuildFile; fileRef = 9D0E2575250DF592003C31D2 /* MovieFullImageViewController.swift */; };
		9D0EF93124FB908B00C285BF /* MovieListCollectionViewController.swift in Sources */ = {isa = PBXBuildFile; fileRef = 9D0EF93024FB908B00C285BF /* MovieListCollectionViewController.swift */; };
		9D0FEF802515EF2900E9CC5E /* DetailCastCell.swift in Sources */ = {isa = PBXBuildFile; fileRef = 9D0FEF7F2515EF2900E9CC5E /* DetailCastCell.swift */; };
		9D10EEA324FBD53C00A51998 /* MovieListCollectionViewCell.swift in Sources */ = {isa = PBXBuildFile; fileRef = 9D10EEA224FBD53C00A51998 /* MovieListCollectionViewCell.swift */; };
		9D28488424FE79B50071B5AF /* MovieDetailsViewController.swift in Sources */ = {isa = PBXBuildFile; fileRef = 9D28488324FE79B50071B5AF /* MovieDetailsViewController.swift */; };
		9D2B37D529C72D300057A9F2 /* StoryboardBased.swift in Sources */ = {isa = PBXBuildFile; fileRef = 9D2B37D429C72D2F0057A9F2 /* StoryboardBased.swift */; };
		9D2B37D729C735FA0057A9F2 /* Grade.swift in Sources */ = {isa = PBXBuildFile; fileRef = 9D2B37D629C735FA0057A9F2 /* Grade.swift */; };
		9D2B37DA29C754300057A9F2 /* ReuseNavigationViewController.swift in Sources */ = {isa = PBXBuildFile; fileRef = 9D2B37D929C754300057A9F2 /* ReuseNavigationViewController.swift */; };
		9D47FE1329DDC446006B0D12 /* CustomTextView.swift in Sources */ = {isa = PBXBuildFile; fileRef = 9D47FE1229DDC446006B0D12 /* CustomTextView.swift */; };
		9D4CAB9424F6749700721134 /* AppDelegate.swift in Sources */ = {isa = PBXBuildFile; fileRef = 9D4CAB9324F6749700721134 /* AppDelegate.swift */; };
		9D4CAB9624F6749700721134 /* SceneDelegate.swift in Sources */ = {isa = PBXBuildFile; fileRef = 9D4CAB9524F6749700721134 /* SceneDelegate.swift */; };
		9D4CAB9824F6749700721134 /* MovieListTableViewController.swift in Sources */ = {isa = PBXBuildFile; fileRef = 9D4CAB9724F6749700721134 /* MovieListTableViewController.swift */; };
		9D4CAB9B24F6749700721134 /* Main.storyboard in Resources */ = {isa = PBXBuildFile; fileRef = 9D4CAB9924F6749700721134 /* Main.storyboard */; };
		9D4CAB9D24F6749800721134 /* Assets.xcassets in Resources */ = {isa = PBXBuildFile; fileRef = 9D4CAB9C24F6749800721134 /* Assets.xcassets */; };
		9D4CABA024F6749800721134 /* LaunchScreen.storyboard in Resources */ = {isa = PBXBuildFile; fileRef = 9D4CAB9E24F6749800721134 /* LaunchScreen.storyboard */; };
		9D5363C029C5A290009C7F0B /* MovieSortMode.swift in Sources */ = {isa = PBXBuildFile; fileRef = 9D5363BF29C5A290009C7F0B /* MovieSortMode.swift */; };
		9D5363C329C5A81D009C7F0B /* Reusable.swift in Sources */ = {isa = PBXBuildFile; fileRef = 9D5363C229C5A81D009C7F0B /* Reusable.swift */; };
		9D5363C529C68303009C7F0B /* MovieListTableViewModel.swift in Sources */ = {isa = PBXBuildFile; fileRef = 9D5363C429C68303009C7F0B /* MovieListTableViewModel.swift */; };
		9D5363C729C683A4009C7F0B /* MovieListCollectionViewModel.swift in Sources */ = {isa = PBXBuildFile; fileRef = 9D5363C629C683A4009C7F0B /* MovieListCollectionViewModel.swift */; };
		9D5EEBB329C8A6C700617430 /* MovieDetailViewModel.swift in Sources */ = {isa = PBXBuildFile; fileRef = 9D5EEBB229C8A6C700617430 /* MovieDetailViewModel.swift */; };
		9D642DC625299D09007E7028 /* MainTabBarController.swift in Sources */ = {isa = PBXBuildFile; fileRef = 9D642DC525299D09007E7028 /* MainTabBarController.swift */; };
		9D99F53F29FF704E00544202 /* MovieFullImageViewModel.swift in Sources */ = {isa = PBXBuildFile; fileRef = 9D99F53E29FF704E00544202 /* MovieFullImageViewModel.swift */; };
		9D9A548729FE6E58002B0FCF /* Coordinator.swift in Sources */ = {isa = PBXBuildFile; fileRef = 9D9A548629FE6E58002B0FCF /* Coordinator.swift */; };
		9D9A548A29FE6EEC002B0FCF /* AppCoordinator.swift in Sources */ = {isa = PBXBuildFile; fileRef = 9D9A548929FE6EEC002B0FCF /* AppCoordinator.swift */; };
		9D9A549029FE7704002B0FCF /* TabbarCoordinator.swift in Sources */ = {isa = PBXBuildFile; fileRef = 9D9A548F29FE7704002B0FCF /* TabbarCoordinator.swift */; };
		9D9A54A629FE9770002B0FCF /* MovieTableCoordinator.swift in Sources */ = {isa = PBXBuildFile; fileRef = 9D9A54A529FE9770002B0FCF /* MovieTableCoordinator.swift */; };
		9D9A54A829FE9EF0002B0FCF /* MovieCollectionCoordinator.swift in Sources */ = {isa = PBXBuildFile; fileRef = 9D9A54A729FE9EF0002B0FCF /* MovieCollectionCoordinator.swift */; };
		9D9A54AA29FECEAC002B0FCF /* MovieDetailCoordinator.swift in Sources */ = {isa = PBXBuildFile; fileRef = 9D9A54A929FECEAC002B0FCF /* MovieDetailCoordinator.swift */; };
		9D9A54AC29FED14B002B0FCF /* MakeCommentCoordinator.swift in Sources */ = {isa = PBXBuildFile; fileRef = 9D9A54AB29FED14B002B0FCF /* MakeCommentCoordinator.swift */; };
		9D9A54AE29FED729002B0FCF /* MovieFullImageCoordinator.swift in Sources */ = {isa = PBXBuildFile; fileRef = 9D9A54AD29FED729002B0FCF /* MovieFullImageCoordinator.swift */; };
		9DB6887F24FA00C100B8EA2B /* MovieListTableViewCell.swift in Sources */ = {isa = PBXBuildFile; fileRef = 9DB6887E24FA00C100B8EA2B /* MovieListTableViewCell.swift */; };
		9DC431FB29C86E9F00C1E8E6 /* Array+Extension.swift in Sources */ = {isa = PBXBuildFile; fileRef = 9DC431FA29C86E9F00C1E8E6 /* Array+Extension.swift */; };
		9DC431FD29C87E2600C1E8E6 /* UIViewController+Extension.swift in Sources */ = {isa = PBXBuildFile; fileRef = 9DC431FC29C87E2600C1E8E6 /* UIViewController+Extension.swift */; };
		9DC9A2BE250E0675007DFDB0 /* MakeCommentsViewController.swift in Sources */ = {isa = PBXBuildFile; fileRef = 9DC9A2BD250E0675007DFDB0 /* MakeCommentsViewController.swift */; };
		9DD55BE929D06893001B8D16 /* NibBased.swift in Sources */ = {isa = PBXBuildFile; fileRef = 9DD55BE829D06893001B8D16 /* NibBased.swift */; };
		9DD55BEB29D069C9001B8D16 /* Star.xib in Resources */ = {isa = PBXBuildFile; fileRef = 9DD55BEA29D069C9001B8D16 /* Star.xib */; };
		9DD55BED29D06F36001B8D16 /* Star.swift in Sources */ = {isa = PBXBuildFile; fileRef = 9DD55BEC29D06F36001B8D16 /* Star.swift */; };
		9DE230A029F3FD2E002728D6 /* MakeCommentViewModel.swift in Sources */ = {isa = PBXBuildFile; fileRef = 9DE2309F29F3FD2E002728D6 /* MakeCommentViewModel.swift */; };
		9DFDC005250A57A700D80BF6 /* DetailContentsResponse.swift in Sources */ = {isa = PBXBuildFile; fileRef = 9DFDC004250A57A700D80BF6 /* DetailContentsResponse.swift */; };
/* End PBXBuildFile section */

/* Begin PBXFileReference section */
		9D02ECD129F3739000356DE2 /* Provider.swift */ = {isa = PBXFileReference; lastKnownFileType = sourcecode.swift; path = Provider.swift; sourceTree = "<group>"; };
		9D02ECD329F3CBE400356DE2 /* MovieRequest.swift */ = {isa = PBXFileReference; lastKnownFileType = sourcecode.swift; path = MovieRequest.swift; sourceTree = "<group>"; };
		4638C9192ADAE68583D69B70 /* Pods_BoxOffice.framework */ = {isa = PBXFileReference; explicitFileType = wrapper.framework; includeInIndex = 0; path = Pods_BoxOffice.framework; sourceTree = BUILT_PRODUCTS_DIR; };
		766C430270F56D6BC8B81BCF /* Pods-BoxOffice.release.xcconfig */ = {isa = PBXFileReference; includeInIndex = 1; lastKnownFileType = text.xcconfig; name = "Pods-BoxOffice.release.xcconfig"; path = "Target Support Files/Pods-BoxOffice/Pods-BoxOffice.release.xcconfig"; sourceTree = "<group>"; };
		861510FCA22D24A73D5C61F3 /* Pods-BoxOffice.debug.xcconfig */ = {isa = PBXFileReference; includeInIndex = 1; lastKnownFileType = text.xcconfig; name = "Pods-BoxOffice.debug.xcconfig"; path = "Target Support Files/Pods-BoxOffice/Pods-BoxOffice.debug.xcconfig"; sourceTree = "<group>"; };
		9D03043C250CB5680095E4F2 /* DetailPosterCell.swift */ = {isa = PBXFileReference; lastKnownFileType = sourcecode.swift; path = DetailPosterCell.swift; sourceTree = "<group>"; };
		9D03043E250CB58C0095E4F2 /* DetailContentsCell.swift */ = {isa = PBXFileReference; lastKnownFileType = sourcecode.swift; path = DetailContentsCell.swift; sourceTree = "<group>"; };
		9D030440250CB5B70095E4F2 /* DetailCommentCell.swift */ = {isa = PBXFileReference; lastKnownFileType = sourcecode.swift; path = DetailCommentCell.swift; sourceTree = "<group>"; };
		9D030442250CBDEF0095E4F2 /* CommentListResponse.swift */ = {isa = PBXFileReference; lastKnownFileType = sourcecode.swift; path = CommentListResponse.swift; sourceTree = "<group>"; };
		9D05138C24F7DE3000E2ABA0 /* MovieListResponse.swift */ = {isa = PBXFileReference; lastKnownFileType = sourcecode.swift; path = MovieListResponse.swift; sourceTree = "<group>"; };
		9D0C348D29F1D79C00BFF493 /* NetworkError.swift */ = {isa = PBXFileReference; lastKnownFileType = sourcecode.swift; path = NetworkError.swift; sourceTree = "<group>"; };
		9D0C348F29F1D7AD00BFF493 /* Requestable.swift */ = {isa = PBXFileReference; lastKnownFileType = sourcecode.swift; path = Requestable.swift; sourceTree = "<group>"; };
		9D0C349129F1D7B900BFF493 /* Responsable.swift */ = {isa = PBXFileReference; lastKnownFileType = sourcecode.swift; path = Responsable.swift; sourceTree = "<group>"; };
		9D0C349329F1D7C100BFF493 /* Endpoint.swift */ = {isa = PBXFileReference; lastKnownFileType = sourcecode.swift; path = Endpoint.swift; sourceTree = "<group>"; };
		9D0C349529F1D7D200BFF493 /* URLSessionable.swift */ = {isa = PBXFileReference; lastKnownFileType = sourcecode.swift; path = URLSessionable.swift; sourceTree = "<group>"; };
		9D0C349729F1DE6500BFF493 /* Encodable+Extension.swift */ = {isa = PBXFileReference; lastKnownFileType = sourcecode.swift; path = "Encodable+Extension.swift"; sourceTree = "<group>"; };
		9D0C349929F1E95700BFF493 /* ProviderLogic.swift */ = {isa = PBXFileReference; lastKnownFileType = sourcecode.swift; path = ProviderLogic.swift; sourceTree = "<group>"; };
		9D0C349B29F1EDD700BFF493 /* APIEndpoints.swift */ = {isa = PBXFileReference; lastKnownFileType = sourcecode.swift; path = APIEndpoints.swift; sourceTree = "<group>"; };
		9D0DCF7629CC809C006A2F6B /* DetailMakeCommentCell.swift */ = {isa = PBXFileReference; lastKnownFileType = sourcecode.swift; path = DetailMakeCommentCell.swift; sourceTree = "<group>"; };
		9D0E2575250DF592003C31D2 /* MovieFullImageViewController.swift */ = {isa = PBXFileReference; lastKnownFileType = sourcecode.swift; path = MovieFullImageViewController.swift; sourceTree = "<group>"; };
		9D0EF93024FB908B00C285BF /* MovieListCollectionViewController.swift */ = {isa = PBXFileReference; lastKnownFileType = sourcecode.swift; path = MovieListCollectionViewController.swift; sourceTree = "<group>"; };
		9D0FEF7F2515EF2900E9CC5E /* DetailCastCell.swift */ = {isa = PBXFileReference; lastKnownFileType = sourcecode.swift; path = DetailCastCell.swift; sourceTree = "<group>"; };
		9D10EEA224FBD53C00A51998 /* MovieListCollectionViewCell.swift */ = {isa = PBXFileReference; lastKnownFileType = sourcecode.swift; path = MovieListCollectionViewCell.swift; sourceTree = "<group>"; };
		9D28488324FE79B50071B5AF /* MovieDetailsViewController.swift */ = {isa = PBXFileReference; lastKnownFileType = sourcecode.swift; path = MovieDetailsViewController.swift; sourceTree = "<group>"; };
		9D2B37D429C72D2F0057A9F2 /* StoryboardBased.swift */ = {isa = PBXFileReference; lastKnownFileType = sourcecode.swift; path = StoryboardBased.swift; sourceTree = "<group>"; };
		9D2B37D629C735FA0057A9F2 /* Grade.swift */ = {isa = PBXFileReference; lastKnownFileType = sourcecode.swift; path = Grade.swift; sourceTree = "<group>"; };
		9D2B37D929C754300057A9F2 /* ReuseNavigationViewController.swift */ = {isa = PBXFileReference; lastKnownFileType = sourcecode.swift; path = ReuseNavigationViewController.swift; sourceTree = "<group>"; };
		9D47FE1229DDC446006B0D12 /* CustomTextView.swift */ = {isa = PBXFileReference; lastKnownFileType = sourcecode.swift; path = CustomTextView.swift; sourceTree = "<group>"; };
		9D4CAB9024F6749700721134 /* BoxOffice.app */ = {isa = PBXFileReference; explicitFileType = wrapper.application; includeInIndex = 0; path = BoxOffice.app; sourceTree = BUILT_PRODUCTS_DIR; };
		9D4CAB9324F6749700721134 /* AppDelegate.swift */ = {isa = PBXFileReference; lastKnownFileType = sourcecode.swift; path = AppDelegate.swift; sourceTree = "<group>"; };
		9D4CAB9524F6749700721134 /* SceneDelegate.swift */ = {isa = PBXFileReference; lastKnownFileType = sourcecode.swift; path = SceneDelegate.swift; sourceTree = "<group>"; };
		9D4CAB9724F6749700721134 /* MovieListTableViewController.swift */ = {isa = PBXFileReference; lastKnownFileType = sourcecode.swift; path = MovieListTableViewController.swift; sourceTree = "<group>"; };
		9D4CAB9A24F6749700721134 /* Base */ = {isa = PBXFileReference; lastKnownFileType = file.storyboard; name = Base; path = Base.lproj/Main.storyboard; sourceTree = "<group>"; };
		9D4CAB9C24F6749800721134 /* Assets.xcassets */ = {isa = PBXFileReference; lastKnownFileType = folder.assetcatalog; path = Assets.xcassets; sourceTree = "<group>"; };
		9D4CAB9F24F6749800721134 /* Base */ = {isa = PBXFileReference; lastKnownFileType = file.storyboard; name = Base; path = Base.lproj/LaunchScreen.storyboard; sourceTree = "<group>"; };
		9D4CABA124F6749800721134 /* Info.plist */ = {isa = PBXFileReference; lastKnownFileType = text.plist.xml; name = Info.plist; path = SupportingFiles/Info.plist; sourceTree = SOURCE_ROOT; };
		9D5363BF29C5A290009C7F0B /* MovieSortMode.swift */ = {isa = PBXFileReference; lastKnownFileType = sourcecode.swift; path = MovieSortMode.swift; sourceTree = "<group>"; };
		9D5363C229C5A81D009C7F0B /* Reusable.swift */ = {isa = PBXFileReference; lastKnownFileType = sourcecode.swift; path = Reusable.swift; sourceTree = "<group>"; };
		9D5363C429C68303009C7F0B /* MovieListTableViewModel.swift */ = {isa = PBXFileReference; lastKnownFileType = sourcecode.swift; path = MovieListTableViewModel.swift; sourceTree = "<group>"; };
		9D5363C629C683A4009C7F0B /* MovieListCollectionViewModel.swift */ = {isa = PBXFileReference; lastKnownFileType = sourcecode.swift; path = MovieListCollectionViewModel.swift; sourceTree = "<group>"; };
		9D5EEBB229C8A6C700617430 /* MovieDetailViewModel.swift */ = {isa = PBXFileReference; lastKnownFileType = sourcecode.swift; path = MovieDetailViewModel.swift; sourceTree = "<group>"; };
		9D642DC525299D09007E7028 /* MainTabBarController.swift */ = {isa = PBXFileReference; lastKnownFileType = sourcecode.swift; path = MainTabBarController.swift; sourceTree = "<group>"; };
		9D99F53E29FF704E00544202 /* MovieFullImageViewModel.swift */ = {isa = PBXFileReference; lastKnownFileType = sourcecode.swift; path = MovieFullImageViewModel.swift; sourceTree = "<group>"; };
		9D9A548629FE6E58002B0FCF /* Coordinator.swift */ = {isa = PBXFileReference; lastKnownFileType = sourcecode.swift; path = Coordinator.swift; sourceTree = "<group>"; };
		9D9A548929FE6EEC002B0FCF /* AppCoordinator.swift */ = {isa = PBXFileReference; lastKnownFileType = sourcecode.swift; path = AppCoordinator.swift; sourceTree = "<group>"; };
		9D9A548F29FE7704002B0FCF /* TabbarCoordinator.swift */ = {isa = PBXFileReference; lastKnownFileType = sourcecode.swift; path = TabbarCoordinator.swift; sourceTree = "<group>"; };
		9D9A54A529FE9770002B0FCF /* MovieTableCoordinator.swift */ = {isa = PBXFileReference; lastKnownFileType = sourcecode.swift; path = MovieTableCoordinator.swift; sourceTree = "<group>"; };
		9D9A54A729FE9EF0002B0FCF /* MovieCollectionCoordinator.swift */ = {isa = PBXFileReference; lastKnownFileType = sourcecode.swift; path = MovieCollectionCoordinator.swift; sourceTree = "<group>"; };
		9D9A54A929FECEAC002B0FCF /* MovieDetailCoordinator.swift */ = {isa = PBXFileReference; lastKnownFileType = sourcecode.swift; path = MovieDetailCoordinator.swift; sourceTree = "<group>"; };
		9D9A54AB29FED14B002B0FCF /* MakeCommentCoordinator.swift */ = {isa = PBXFileReference; lastKnownFileType = sourcecode.swift; path = MakeCommentCoordinator.swift; sourceTree = "<group>"; };
		9D9A54AD29FED729002B0FCF /* MovieFullImageCoordinator.swift */ = {isa = PBXFileReference; lastKnownFileType = sourcecode.swift; path = MovieFullImageCoordinator.swift; sourceTree = "<group>"; };
		9DB6887E24FA00C100B8EA2B /* MovieListTableViewCell.swift */ = {isa = PBXFileReference; lastKnownFileType = sourcecode.swift; path = MovieListTableViewCell.swift; sourceTree = "<group>"; };
		9DC431FA29C86E9F00C1E8E6 /* Array+Extension.swift */ = {isa = PBXFileReference; lastKnownFileType = sourcecode.swift; path = "Array+Extension.swift"; sourceTree = "<group>"; };
		9DC431FC29C87E2600C1E8E6 /* UIViewController+Extension.swift */ = {isa = PBXFileReference; lastKnownFileType = sourcecode.swift; path = "UIViewController+Extension.swift"; sourceTree = "<group>"; };
		9DC9A2BD250E0675007DFDB0 /* MakeCommentsViewController.swift */ = {isa = PBXFileReference; lastKnownFileType = sourcecode.swift; path = MakeCommentsViewController.swift; sourceTree = "<group>"; };
		9DD55BE829D06893001B8D16 /* NibBased.swift */ = {isa = PBXFileReference; lastKnownFileType = sourcecode.swift; path = NibBased.swift; sourceTree = "<group>"; };
		9DD55BEA29D069C9001B8D16 /* Star.xib */ = {isa = PBXFileReference; lastKnownFileType = file.xib; path = Star.xib; sourceTree = "<group>"; };
		9DD55BEC29D06F36001B8D16 /* Star.swift */ = {isa = PBXFileReference; lastKnownFileType = sourcecode.swift; path = Star.swift; sourceTree = "<group>"; };
		9DE2309F29F3FD2E002728D6 /* MakeCommentViewModel.swift */ = {isa = PBXFileReference; lastKnownFileType = sourcecode.swift; path = MakeCommentViewModel.swift; sourceTree = "<group>"; };
		9DFDC004250A57A700D80BF6 /* DetailContentsResponse.swift */ = {isa = PBXFileReference; lastKnownFileType = sourcecode.swift; path = DetailContentsResponse.swift; sourceTree = "<group>"; };
/* End PBXFileReference section */

/* Begin PBXFrameworksBuildPhase section */
		9D4CAB8D24F6749700721134 /* Frameworks */ = {
			isa = PBXFrameworksBuildPhase;
			buildActionMask = 2147483647;
			files = (
				84CED90059798066CF00A45D /* Pods_BoxOffice.framework in Frameworks */,
			);
			runOnlyForDeploymentPostprocessing = 0;
		};
/* End PBXFrameworksBuildPhase section */

/* Begin PBXGroup section */
		727D25241B3A9B0C9260ED00 /* Frameworks */ = {
			isa = PBXGroup;
			children = (
				4638C9192ADAE68583D69B70 /* Pods_BoxOffice.framework */,
			);
			name = Frameworks;
			sourceTree = "<group>";
		};
		9D02ECD029F3735600356DE2 /* Protocols */ = {
			isa = PBXGroup;
			children = (
				9D0C348F29F1D7AD00BFF493 /* Requestable.swift */,
				9D0C349129F1D7B900BFF493 /* Responsable.swift */,
				9D0C349929F1E95700BFF493 /* ProviderLogic.swift */,
				9D0C349529F1D7D200BFF493 /* URLSessionable.swift */,
			);
			path = Protocols;
			sourceTree = "<group>";
		};
		9D0E2574250DF4FE003C31D2 /* MovieFullImage */ = {
			isa = PBXGroup;
			children = (
				9D9A54AD29FED729002B0FCF /* MovieFullImageCoordinator.swift */,
				9D0E2575250DF592003C31D2 /* MovieFullImageViewController.swift */,
				9D99F53E29FF704E00544202 /* MovieFullImageViewModel.swift */,
			);
			path = MovieFullImage;
			sourceTree = "<group>";
		};
		9D10EEA024FBD42600A51998 /* MovieListCollectionView */ = {
			isa = PBXGroup;
			children = (
				9D9A54A729FE9EF0002B0FCF /* MovieCollectionCoordinator.swift */,
				9D0EF93024FB908B00C285BF /* MovieListCollectionViewController.swift */,
				9D10EEA224FBD53C00A51998 /* MovieListCollectionViewCell.swift */,
				9D5363C629C683A4009C7F0B /* MovieListCollectionViewModel.swift */,
			);
			path = MovieListCollectionView;
			sourceTree = "<group>";
		};
		9D10EEA124FBD46400A51998 /* MovieListTableView */ = {
			isa = PBXGroup;
			children = (
				9D9A54A529FE9770002B0FCF /* MovieTableCoordinator.swift */,
				9D4CAB9724F6749700721134 /* MovieListTableViewController.swift */,
				9DB6887E24FA00C100B8EA2B /* MovieListTableViewCell.swift */,
				9D5363C429C68303009C7F0B /* MovieListTableViewModel.swift */,
			);
			path = MovieListTableView;
			sourceTree = "<group>";
		};
		9D2B37D829C7365C0057A9F2 /* Enum */ = {
			isa = PBXGroup;
			children = (
				9D5363BF29C5A290009C7F0B /* MovieSortMode.swift */,
				9D2B37D629C735FA0057A9F2 /* Grade.swift */,
			);
			path = Enum;
			sourceTree = "<group>";
		};
		9D2B37DB29C757DC0057A9F2 /* Component */ = {
			isa = PBXGroup;
			children = (
				9D47FE1229DDC446006B0D12 /* CustomTextView.swift */,
				9D2B37D929C754300057A9F2 /* ReuseNavigationViewController.swift */,
				9DD55BEC29D06F36001B8D16 /* Star.swift */,
				9DD55BEA29D069C9001B8D16 /* Star.xib */,
			);
			path = Component;
			sourceTree = "<group>";
		};
		9D4CAB8724F6749700721134 = {
			isa = PBXGroup;
			children = (
				9D4CAB9224F6749700721134 /* BoxOffice */,
				9D4CAB9124F6749700721134 /* Products */,
				F448C0470DB8A51A03BA1702 /* Pods */,
				727D25241B3A9B0C9260ED00 /* Frameworks */,
			);
			sourceTree = "<group>";
		};
		9D4CAB9124F6749700721134 /* Products */ = {
			isa = PBXGroup;
			children = (
				9D4CAB9024F6749700721134 /* BoxOffice.app */,
			);
			name = Products;
			sourceTree = "<group>";
		};
		9D4CAB9224F6749700721134 /* BoxOffice */ = {
			isa = PBXGroup;
			children = (
				9DD968F92650EC2800E6BAEE /* Main */,
				9D9A548829FE6ED4002B0FCF /* App */,
				9D99F53B29FF53E200544202 /* TabBar */,
				9D10EEA124FBD46400A51998 /* MovieListTableView */,
				9D10EEA024FBD42600A51998 /* MovieListCollectionView */,
				9DFDC003250A575800D80BF6 /* DetailContents */,
				9DC9A2BC250E0643007DFDB0 /* MakeComments */,
				9D0E2574250DF4FE003C31D2 /* MovieFullImage */,
				9D7F671D250C8A8C00D542F9 /* Network */,
				9D5363C129C5A809009C7F0B /* Protocol */,
				9D2B37D829C7365C0057A9F2 /* Enum */,
				9D2B37DB29C757DC0057A9F2 /* Component */,
				9DC431F929C86E7D00C1E8E6 /* Extension */,
				9DD968FA2650EC3C00E6BAEE /* SupportingFiles */,
			);
			path = BoxOffice;
			sourceTree = "<group>";
		};
		9D5363C129C5A809009C7F0B /* Protocol */ = {
			isa = PBXGroup;
			children = (
				9D5363C229C5A81D009C7F0B /* Reusable.swift */,
				9D2B37D429C72D2F0057A9F2 /* StoryboardBased.swift */,
				9DD55BE829D06893001B8D16 /* NibBased.swift */,
				9D9A548629FE6E58002B0FCF /* Coordinator.swift */,
			);
			path = Protocol;
			sourceTree = "<group>";
		};
		9D7F671D250C8A8C00D542F9 /* Network */ = {
			isa = PBXGroup;
			children = (
				9D0C349B29F1EDD700BFF493 /* APIEndpoints.swift */,
				9D02ECD129F3739000356DE2 /* Provider.swift */,
				9D0C349329F1D7C100BFF493 /* Endpoint.swift */,
				9D0C348D29F1D79C00BFF493 /* NetworkError.swift */,
				9DE2309E29F3EA5A002728D6 /* Request */,
				9D7F6720250C903D00D542F9 /* Response */,
				9D02ECD029F3735600356DE2 /* Protocols */,
			);
			path = Network;
			sourceTree = "<group>";
		};
		9D7F6720250C903D00D542F9 /* Response */ = {
			isa = PBXGroup;
			children = (
				9D05138C24F7DE3000E2ABA0 /* MovieListResponse.swift */,
				9DFDC004250A57A700D80BF6 /* DetailContentsResponse.swift */,
				9D030442250CBDEF0095E4F2 /* CommentListResponse.swift */,
			);
			path = Response;
			sourceTree = "<group>";
		};
		9D99F53B29FF53E200544202 /* TabBar */ = {
			isa = PBXGroup;
			children = (
				9D9A548F29FE7704002B0FCF /* TabbarCoordinator.swift */,
				9D642DC525299D09007E7028 /* MainTabBarController.swift */,
			);
			path = TabBar;
			sourceTree = "<group>";
		};
		9D9A548829FE6ED4002B0FCF /* App */ = {
			isa = PBXGroup;
			children = (
				9D4CAB9324F6749700721134 /* AppDelegate.swift */,
				9D4CAB9524F6749700721134 /* SceneDelegate.swift */,
				9D9A548929FE6EEC002B0FCF /* AppCoordinator.swift */,
			);
			path = App;
			sourceTree = "<group>";
		};
		9DC431F929C86E7D00C1E8E6 /* Extension */ = {
			isa = PBXGroup;
			children = (
				9DC431FA29C86E9F00C1E8E6 /* Array+Extension.swift */,
				9DC431FC29C87E2600C1E8E6 /* UIViewController+Extension.swift */,
				9D0C349729F1DE6500BFF493 /* Encodable+Extension.swift */,
			);
			path = Extension;
			sourceTree = "<group>";
		};
		9DC9A2BC250E0643007DFDB0 /* MakeComments */ = {
			isa = PBXGroup;
			children = (
				9D9A54AB29FED14B002B0FCF /* MakeCommentCoordinator.swift */,
				9DC9A2BD250E0675007DFDB0 /* MakeCommentsViewController.swift */,
				9DE2309F29F3FD2E002728D6 /* MakeCommentViewModel.swift */,
			);
			path = MakeComments;
			sourceTree = "<group>";
		};
		9DD968F92650EC2800E6BAEE /* Main */ = {
			isa = PBXGroup;
			children = (
				9D4CAB9924F6749700721134 /* Main.storyboard */,
			);
			path = Main;
			sourceTree = "<group>";
		};
		9DD968FA2650EC3C00E6BAEE /* SupportingFiles */ = {
			isa = PBXGroup;
			children = (
				9D4CAB9C24F6749800721134 /* Assets.xcassets */,
				9D4CAB9E24F6749800721134 /* LaunchScreen.storyboard */,
				9D4CABA124F6749800721134 /* Info.plist */,
			);
			path = SupportingFiles;
			sourceTree = "<group>";
		};
		9DE2309E29F3EA5A002728D6 /* Request */ = {
			isa = PBXGroup;
			children = (
				9D02ECD329F3CBE400356DE2 /* MovieRequest.swift */,
			);
			path = Request;
			sourceTree = "<group>";
		};
		9DFDC003250A575800D80BF6 /* DetailContents */ = {
			isa = PBXGroup;
			children = (
				9D9A54A929FECEAC002B0FCF /* MovieDetailCoordinator.swift */,
				9D28488324FE79B50071B5AF /* MovieDetailsViewController.swift */,
				9D03043C250CB5680095E4F2 /* DetailPosterCell.swift */,
				9D03043E250CB58C0095E4F2 /* DetailContentsCell.swift */,
				9D0FEF7F2515EF2900E9CC5E /* DetailCastCell.swift */,
				9D0DCF7629CC809C006A2F6B /* DetailMakeCommentCell.swift */,
				9D030440250CB5B70095E4F2 /* DetailCommentCell.swift */,
				9D5EEBB229C8A6C700617430 /* MovieDetailViewModel.swift */,
			);
			path = DetailContents;
			sourceTree = "<group>";
		};
		F448C0470DB8A51A03BA1702 /* Pods */ = {
			isa = PBXGroup;
			children = (
				861510FCA22D24A73D5C61F3 /* Pods-BoxOffice.debug.xcconfig */,
				766C430270F56D6BC8B81BCF /* Pods-BoxOffice.release.xcconfig */,
			);
			name = Pods;
			path = Pods;
			sourceTree = "<group>";
		};
/* End PBXGroup section */

/* Begin PBXNativeTarget section */
		9D4CAB8F24F6749700721134 /* BoxOffice */ = {
			isa = PBXNativeTarget;
			buildConfigurationList = 9D4CABA424F6749800721134 /* Build configuration list for PBXNativeTarget "BoxOffice" */;
			buildPhases = (
				99B8D557D20A3F620AD640EF /* [CP] Check Pods Manifest.lock */,
				9D4CAB8C24F6749700721134 /* Sources */,
				9D4CAB8D24F6749700721134 /* Frameworks */,
				9D4CAB8E24F6749700721134 /* Resources */,
				3C2F233D6D13BB0C6BF3A889 /* [CP] Embed Pods Frameworks */,
			);
			buildRules = (
			);
			dependencies = (
			);
			name = BoxOffice;
			productName = BoxOffice;
			productReference = 9D4CAB9024F6749700721134 /* BoxOffice.app */;
			productType = "com.apple.product-type.application";
		};
/* End PBXNativeTarget section */

/* Begin PBXProject section */
		9D4CAB8824F6749700721134 /* Project object */ = {
			isa = PBXProject;
			attributes = {
				LastSwiftUpdateCheck = 1160;
				LastUpgradeCheck = 1160;
				ORGANIZATIONNAME = "최원석";
				TargetAttributes = {
					9D4CAB8F24F6749700721134 = {
						CreatedOnToolsVersion = 11.6;
					};
				};
			};
			buildConfigurationList = 9D4CAB8B24F6749700721134 /* Build configuration list for PBXProject "BoxOffice" */;
			compatibilityVersion = "Xcode 9.3";
			developmentRegion = en;
			hasScannedForEncodings = 0;
			knownRegions = (
				en,
				Base,
			);
			mainGroup = 9D4CAB8724F6749700721134;
			productRefGroup = 9D4CAB9124F6749700721134 /* Products */;
			projectDirPath = "";
			projectRoot = "";
			targets = (
				9D4CAB8F24F6749700721134 /* BoxOffice */,
			);
		};
/* End PBXProject section */

/* Begin PBXResourcesBuildPhase section */
		9D4CAB8E24F6749700721134 /* Resources */ = {
			isa = PBXResourcesBuildPhase;
			buildActionMask = 2147483647;
			files = (
				9D4CABA024F6749800721134 /* LaunchScreen.storyboard in Resources */,
				9D4CAB9D24F6749800721134 /* Assets.xcassets in Resources */,
				9D4CAB9B24F6749700721134 /* Main.storyboard in Resources */,
				9DD55BEB29D069C9001B8D16 /* Star.xib in Resources */,
			);
			runOnlyForDeploymentPostprocessing = 0;
		};
/* End PBXResourcesBuildPhase section */

/* Begin PBXShellScriptBuildPhase section */
		3C2F233D6D13BB0C6BF3A889 /* [CP] Embed Pods Frameworks */ = {
			isa = PBXShellScriptBuildPhase;
			buildActionMask = 2147483647;
			files = (
			);
			inputFileListPaths = (
				"${PODS_ROOT}/Target Support Files/Pods-BoxOffice/Pods-BoxOffice-frameworks-${CONFIGURATION}-input-files.xcfilelist",
			);
			name = "[CP] Embed Pods Frameworks";
			outputFileListPaths = (
				"${PODS_ROOT}/Target Support Files/Pods-BoxOffice/Pods-BoxOffice-frameworks-${CONFIGURATION}-output-files.xcfilelist",
			);
			runOnlyForDeploymentPostprocessing = 0;
			shellPath = /bin/sh;
			shellScript = "\"${PODS_ROOT}/Target Support Files/Pods-BoxOffice/Pods-BoxOffice-frameworks.sh\"\n";
			showEnvVarsInLog = 0;
		};
		99B8D557D20A3F620AD640EF /* [CP] Check Pods Manifest.lock */ = {
			isa = PBXShellScriptBuildPhase;
			buildActionMask = 2147483647;
			files = (
			);
			inputFileListPaths = (
			);
			inputPaths = (
				"${PODS_PODFILE_DIR_PATH}/Podfile.lock",
				"${PODS_ROOT}/Manifest.lock",
			);
			name = "[CP] Check Pods Manifest.lock";
			outputFileListPaths = (
			);
			outputPaths = (
				"$(DERIVED_FILE_DIR)/Pods-BoxOffice-checkManifestLockResult.txt",
			);
			runOnlyForDeploymentPostprocessing = 0;
			shellPath = /bin/sh;
			shellScript = "diff \"${PODS_PODFILE_DIR_PATH}/Podfile.lock\" \"${PODS_ROOT}/Manifest.lock\" > /dev/null\nif [ $? != 0 ] ; then\n    # print error to STDERR\n    echo \"error: The sandbox is not in sync with the Podfile.lock. Run 'pod install' or update your CocoaPods installation.\" >&2\n    exit 1\nfi\n# This output is used by Xcode 'outputs' to avoid re-running this script phase.\necho \"SUCCESS\" > \"${SCRIPT_OUTPUT_FILE_0}\"\n";
			showEnvVarsInLog = 0;
		};
/* End PBXShellScriptBuildPhase section */

/* Begin PBXSourcesBuildPhase section */
		9D4CAB8C24F6749700721134 /* Sources */ = {
			isa = PBXSourcesBuildPhase;
			buildActionMask = 2147483647;
			files = (
				9D9A548A29FE6EEC002B0FCF /* AppCoordinator.swift in Sources */,
				9DD55BED29D06F36001B8D16 /* Star.swift in Sources */,
				9DE230A029F3FD2E002728D6 /* MakeCommentViewModel.swift in Sources */,
				9D9A548729FE6E58002B0FCF /* Coordinator.swift in Sources */,
				9D0E2576250DF592003C31D2 /* MovieFullImageViewController.swift in Sources */,
				9DC9A2BE250E0675007DFDB0 /* MakeCommentsViewController.swift in Sources */,
				9D642DC625299D09007E7028 /* MainTabBarController.swift in Sources */,
				9DD55BE929D06893001B8D16 /* NibBased.swift in Sources */,
				9DC431FD29C87E2600C1E8E6 /* UIViewController+Extension.swift in Sources */,
				9D5EEBB329C8A6C700617430 /* MovieDetailViewModel.swift in Sources */,
				9D03043D250CB5680095E4F2 /* DetailPosterCell.swift in Sources */,
				9D5363C329C5A81D009C7F0B /* Reusable.swift in Sources */,
				9D0C348E29F1D79C00BFF493 /* NetworkError.swift in Sources */,
				9D0C349429F1D7C100BFF493 /* Endpoint.swift in Sources */,
				9D9A54A629FE9770002B0FCF /* MovieTableCoordinator.swift in Sources */,
				9D4CAB9824F6749700721134 /* MovieListTableViewController.swift in Sources */,
				9D0C349629F1D7D200BFF493 /* URLSessionable.swift in Sources */,
				9D47FE1329DDC446006B0D12 /* CustomTextView.swift in Sources */,
				9D2B37DA29C754300057A9F2 /* ReuseNavigationViewController.swift in Sources */,
				9DB6887F24FA00C100B8EA2B /* MovieListTableViewCell.swift in Sources */,
				9D10EEA324FBD53C00A51998 /* MovieListCollectionViewCell.swift in Sources */,
				9D0C349029F1D7AD00BFF493 /* Requestable.swift in Sources */,
				9D4CAB9424F6749700721134 /* AppDelegate.swift in Sources */,
				9D0EF93124FB908B00C285BF /* MovieListCollectionViewController.swift in Sources */,
				9D4CAB9624F6749700721134 /* SceneDelegate.swift in Sources */,
				9D28488424FE79B50071B5AF /* MovieDetailsViewController.swift in Sources */,
				9D0C349A29F1E95700BFF493 /* ProviderLogic.swift in Sources */,
				9D030441250CB5B70095E4F2 /* DetailCommentCell.swift in Sources */,
				9D9A54AE29FED729002B0FCF /* MovieFullImageCoordinator.swift in Sources */,
				9D9A549029FE7704002B0FCF /* TabbarCoordinator.swift in Sources */,
				9D0C349829F1DE6500BFF493 /* Encodable+Extension.swift in Sources */,
				9D9A54AA29FECEAC002B0FCF /* MovieDetailCoordinator.swift in Sources */,
				9D0DCF7729CC809C006A2F6B /* DetailMakeCommentCell.swift in Sources */,
				9D02ECD429F3CBE400356DE2 /* MovieRequest.swift in Sources */,
				9D0FEF802515EF2900E9CC5E /* DetailCastCell.swift in Sources */,
				9D030443250CBDEF0095E4F2 /* CommentListResponse.swift in Sources */,
				9D9A54AC29FED14B002B0FCF /* MakeCommentCoordinator.swift in Sources */,
				9D05138D24F7DE3000E2ABA0 /* MovieListResponse.swift in Sources */,
				9D03043F250CB58C0095E4F2 /* DetailContentsCell.swift in Sources */,
				9D2B37D729C735FA0057A9F2 /* Grade.swift in Sources */,
				9D99F53F29FF704E00544202 /* MovieFullImageViewModel.swift in Sources */,
				9D9A54A829FE9EF0002B0FCF /* MovieCollectionCoordinator.swift in Sources */,
				9D02ECD229F3739000356DE2 /* Provider.swift in Sources */,
				9D5363C529C68303009C7F0B /* MovieListTableViewModel.swift in Sources */,
				9D0C349229F1D7B900BFF493 /* Responsable.swift in Sources */,
				9DC431FB29C86E9F00C1E8E6 /* Array+Extension.swift in Sources */,
				9D5363C029C5A290009C7F0B /* MovieSortMode.swift in Sources */,
				9D0C349C29F1EDD700BFF493 /* APIEndpoints.swift in Sources */,
				9DFDC005250A57A700D80BF6 /* DetailContentsResponse.swift in Sources */,
				9D2B37D529C72D300057A9F2 /* StoryboardBased.swift in Sources */,
				9D5363C729C683A4009C7F0B /* MovieListCollectionViewModel.swift in Sources */,
			);
			runOnlyForDeploymentPostprocessing = 0;
		};
/* End PBXSourcesBuildPhase section */

/* Begin PBXVariantGroup section */
		9D4CAB9924F6749700721134 /* Main.storyboard */ = {
			isa = PBXVariantGroup;
			children = (
				9D4CAB9A24F6749700721134 /* Base */,
			);
			name = Main.storyboard;
			sourceTree = "<group>";
		};
		9D4CAB9E24F6749800721134 /* LaunchScreen.storyboard */ = {
			isa = PBXVariantGroup;
			children = (
				9D4CAB9F24F6749800721134 /* Base */,
			);
			name = LaunchScreen.storyboard;
			sourceTree = "<group>";
		};
/* End PBXVariantGroup section */

/* Begin XCBuildConfiguration section */
		9D4CABA224F6749800721134 /* Debug */ = {
			isa = XCBuildConfiguration;
			buildSettings = {
				ALWAYS_SEARCH_USER_PATHS = NO;
				CLANG_ANALYZER_NONNULL = YES;
				CLANG_ANALYZER_NUMBER_OBJECT_CONVERSION = YES_AGGRESSIVE;
				CLANG_CXX_LANGUAGE_STANDARD = "gnu++14";
				CLANG_CXX_LIBRARY = "libc++";
				CLANG_ENABLE_MODULES = YES;
				CLANG_ENABLE_OBJC_ARC = YES;
				CLANG_ENABLE_OBJC_WEAK = YES;
				CLANG_WARN_BLOCK_CAPTURE_AUTORELEASING = YES;
				CLANG_WARN_BOOL_CONVERSION = YES;
				CLANG_WARN_COMMA = YES;
				CLANG_WARN_CONSTANT_CONVERSION = YES;
				CLANG_WARN_DEPRECATED_OBJC_IMPLEMENTATIONS = YES;
				CLANG_WARN_DIRECT_OBJC_ISA_USAGE = YES_ERROR;
				CLANG_WARN_DOCUMENTATION_COMMENTS = YES;
				CLANG_WARN_EMPTY_BODY = YES;
				CLANG_WARN_ENUM_CONVERSION = YES;
				CLANG_WARN_INFINITE_RECURSION = YES;
				CLANG_WARN_INT_CONVERSION = YES;
				CLANG_WARN_NON_LITERAL_NULL_CONVERSION = YES;
				CLANG_WARN_OBJC_IMPLICIT_RETAIN_SELF = YES;
				CLANG_WARN_OBJC_LITERAL_CONVERSION = YES;
				CLANG_WARN_OBJC_ROOT_CLASS = YES_ERROR;
				CLANG_WARN_RANGE_LOOP_ANALYSIS = YES;
				CLANG_WARN_STRICT_PROTOTYPES = YES;
				CLANG_WARN_SUSPICIOUS_MOVE = YES;
				CLANG_WARN_UNGUARDED_AVAILABILITY = YES_AGGRESSIVE;
				CLANG_WARN_UNREACHABLE_CODE = YES;
				CLANG_WARN__DUPLICATE_METHOD_MATCH = YES;
				COPY_PHASE_STRIP = NO;
				DEBUG_INFORMATION_FORMAT = dwarf;
				ENABLE_STRICT_OBJC_MSGSEND = YES;
				ENABLE_TESTABILITY = YES;
				GCC_C_LANGUAGE_STANDARD = gnu11;
				GCC_DYNAMIC_NO_PIC = NO;
				GCC_NO_COMMON_BLOCKS = YES;
				GCC_OPTIMIZATION_LEVEL = 0;
				GCC_PREPROCESSOR_DEFINITIONS = (
					"DEBUG=1",
					"$(inherited)",
				);
				GCC_WARN_64_TO_32_BIT_CONVERSION = YES;
				GCC_WARN_ABOUT_RETURN_TYPE = YES_ERROR;
				GCC_WARN_UNDECLARED_SELECTOR = YES;
				GCC_WARN_UNINITIALIZED_AUTOS = YES_AGGRESSIVE;
				GCC_WARN_UNUSED_FUNCTION = YES;
				GCC_WARN_UNUSED_VARIABLE = YES;
				IPHONEOS_DEPLOYMENT_TARGET = 13.6;
				MTL_ENABLE_DEBUG_INFO = INCLUDE_SOURCE;
				MTL_FAST_MATH = YES;
				ONLY_ACTIVE_ARCH = YES;
				SDKROOT = iphoneos;
				SWIFT_ACTIVE_COMPILATION_CONDITIONS = DEBUG;
				SWIFT_OPTIMIZATION_LEVEL = "-Onone";
			};
			name = Debug;
		};
		9D4CABA324F6749800721134 /* Release */ = {
			isa = XCBuildConfiguration;
			buildSettings = {
				ALWAYS_SEARCH_USER_PATHS = NO;
				CLANG_ANALYZER_NONNULL = YES;
				CLANG_ANALYZER_NUMBER_OBJECT_CONVERSION = YES_AGGRESSIVE;
				CLANG_CXX_LANGUAGE_STANDARD = "gnu++14";
				CLANG_CXX_LIBRARY = "libc++";
				CLANG_ENABLE_MODULES = YES;
				CLANG_ENABLE_OBJC_ARC = YES;
				CLANG_ENABLE_OBJC_WEAK = YES;
				CLANG_WARN_BLOCK_CAPTURE_AUTORELEASING = YES;
				CLANG_WARN_BOOL_CONVERSION = YES;
				CLANG_WARN_COMMA = YES;
				CLANG_WARN_CONSTANT_CONVERSION = YES;
				CLANG_WARN_DEPRECATED_OBJC_IMPLEMENTATIONS = YES;
				CLANG_WARN_DIRECT_OBJC_ISA_USAGE = YES_ERROR;
				CLANG_WARN_DOCUMENTATION_COMMENTS = YES;
				CLANG_WARN_EMPTY_BODY = YES;
				CLANG_WARN_ENUM_CONVERSION = YES;
				CLANG_WARN_INFINITE_RECURSION = YES;
				CLANG_WARN_INT_CONVERSION = YES;
				CLANG_WARN_NON_LITERAL_NULL_CONVERSION = YES;
				CLANG_WARN_OBJC_IMPLICIT_RETAIN_SELF = YES;
				CLANG_WARN_OBJC_LITERAL_CONVERSION = YES;
				CLANG_WARN_OBJC_ROOT_CLASS = YES_ERROR;
				CLANG_WARN_RANGE_LOOP_ANALYSIS = YES;
				CLANG_WARN_STRICT_PROTOTYPES = YES;
				CLANG_WARN_SUSPICIOUS_MOVE = YES;
				CLANG_WARN_UNGUARDED_AVAILABILITY = YES_AGGRESSIVE;
				CLANG_WARN_UNREACHABLE_CODE = YES;
				CLANG_WARN__DUPLICATE_METHOD_MATCH = YES;
				COPY_PHASE_STRIP = NO;
				DEBUG_INFORMATION_FORMAT = "dwarf-with-dsym";
				ENABLE_NS_ASSERTIONS = NO;
				ENABLE_STRICT_OBJC_MSGSEND = YES;
				GCC_C_LANGUAGE_STANDARD = gnu11;
				GCC_NO_COMMON_BLOCKS = YES;
				GCC_WARN_64_TO_32_BIT_CONVERSION = YES;
				GCC_WARN_ABOUT_RETURN_TYPE = YES_ERROR;
				GCC_WARN_UNDECLARED_SELECTOR = YES;
				GCC_WARN_UNINITIALIZED_AUTOS = YES_AGGRESSIVE;
				GCC_WARN_UNUSED_FUNCTION = YES;
				GCC_WARN_UNUSED_VARIABLE = YES;
				IPHONEOS_DEPLOYMENT_TARGET = 13.6;
				MTL_ENABLE_DEBUG_INFO = NO;
				MTL_FAST_MATH = YES;
				SDKROOT = iphoneos;
				SWIFT_COMPILATION_MODE = wholemodule;
				SWIFT_OPTIMIZATION_LEVEL = "-O";
				VALIDATE_PRODUCT = YES;
			};
			name = Release;
		};
		9D4CABA524F6749800721134 /* Debug */ = {
			isa = XCBuildConfiguration;
			baseConfigurationReference = 861510FCA22D24A73D5C61F3 /* Pods-BoxOffice.debug.xcconfig */;
			buildSettings = {
				ASSETCATALOG_COMPILER_APPICON_NAME = AppIcon;
				CODE_SIGN_STYLE = Automatic;
				INFOPLIST_FILE = BoxOffice/SupportingFiles/Info.plist;
				LD_RUNPATH_SEARCH_PATHS = (
					"$(inherited)",
					"@executable_path/Frameworks",
				);
				PRODUCT_BUNDLE_IDENTIFIER = com.wonseok.BoxOffice;
				PRODUCT_NAME = "$(TARGET_NAME)";
				SWIFT_VERSION = 5.0;
				TARGETED_DEVICE_FAMILY = "1,2";
			};
			name = Debug;
		};
		9D4CABA624F6749800721134 /* Release */ = {
			isa = XCBuildConfiguration;
			baseConfigurationReference = 766C430270F56D6BC8B81BCF /* Pods-BoxOffice.release.xcconfig */;
			buildSettings = {
				ASSETCATALOG_COMPILER_APPICON_NAME = AppIcon;
				CODE_SIGN_STYLE = Automatic;
				INFOPLIST_FILE = BoxOffice/SupportingFiles/Info.plist;
				LD_RUNPATH_SEARCH_PATHS = (
					"$(inherited)",
					"@executable_path/Frameworks",
				);
				PRODUCT_BUNDLE_IDENTIFIER = com.wonseok.BoxOffice;
				PRODUCT_NAME = "$(TARGET_NAME)";
				SWIFT_VERSION = 5.0;
				TARGETED_DEVICE_FAMILY = "1,2";
			};
			name = Release;
		};
/* End XCBuildConfiguration section */

/* Begin XCConfigurationList section */
		9D4CAB8B24F6749700721134 /* Build configuration list for PBXProject "BoxOffice" */ = {
			isa = XCConfigurationList;
			buildConfigurations = (
				9D4CABA224F6749800721134 /* Debug */,
				9D4CABA324F6749800721134 /* Release */,
			);
			defaultConfigurationIsVisible = 0;
			defaultConfigurationName = Release;
		};
		9D4CABA424F6749800721134 /* Build configuration list for PBXNativeTarget "BoxOffice" */ = {
			isa = XCConfigurationList;
			buildConfigurations = (
				9D4CABA524F6749800721134 /* Debug */,
				9D4CABA624F6749800721134 /* Release */,
			);
			defaultConfigurationIsVisible = 0;
			defaultConfigurationName = Release;
		};
/* End XCConfigurationList section */
	};
	rootObject = 9D4CAB8824F6749700721134 /* Project object */;
}
